version: 1
last_checked: 2025-10-25T01:55:04.990996Z
items:
    local_config:
        local_sha256: ece015bd6bc8299cc3085ffd5848a841a9c7faf2912ec05176f10bda2f81e2af
        remote_fingerprint: sha256:ece015bd6bc8299cc3085ffd5848a841a9c7faf2912ec05176f10bda2f81e2af
        checked_at: 2025-10-25T01:55:04.990996Z
