version: 1
last_checked: 2025-10-25T01:57:12.84413Z
items:
    cdc_wtage:
        local_sha256: 3406c9d125bcb69c062a9e84eb8c0209bfe9346542bdc1d308643750dcc241b7
        remote_fingerprint: etag:"bce0e3b9a1a0da1:0"
        checked_at: 2025-10-25T01:57:12.84413Z
    uuid_license:
        local_sha256: 0a8d61ed3cbfd5312326e8126c31ce9c627a283adc99131b56896d29ada04b2d
        remote_fingerprint: gitblob:5dc68268d900581915a7bfdc1f2be75cd503dd9e
        checked_at: 2025-10-25T01:57:12.84413Z
    uuid_readme:
        local_sha256: b388eaa4f44d77867df4acd607b33fd455a15a1391a1df898a2042cd1ecfe51b
        remote_fingerprint: gitblob:d78d1caf469561b8d56d713f11ddb43fcc501c0c
        checked_at: 2025-10-25T01:57:12.84413Z
