version: 1
last_checked: 2026-07-27T23:57:49.198678Z
items:
    directory_dataset:
        local_sha256: fb5f70fb8266debd3a76692310ab0b293c50995e3a3db4f3a48232f058a0b4d3
        remote_fingerprint: dirsha256:fb5f70fb8266debd3a76692310ab0b293c50995e3a3db4f3a48232f058a0b4d3
        checked_at: 2026-07-27T23:57:49.198678Z
